
Microsoft Visual Studio Solution File, Format Version 12.00
# Visual Studio Version 17
VisualStudioVersion = 17.13.35825.156 d17.13
MinimumVisualStudioVersion = 10.0.40219.1
Project("{FAE04EC0-301F-11D3-BF4B-00C04F79EFBC}") = "sistema-gerenciamento-funcionarios", "sistema-gerenciamento-funcionarios.csproj", "{14646551-CDF8-487B-9598-A85008C7D772}"
EndProject
Global
	GlobalSection(SolutionConfigurationPlatforms) = preSolution
		Debug|Any CPU = Debug|Any CPU
		Release|Any CPU = Release|Any CPU
	EndGlobalSection
	GlobalSection(ProjectConfigurationPlatforms) = postSolution
		{14646551-CDF8-487B-9598-A85008C7D772}.Debug|Any CPU.ActiveCfg = Debug|Any CPU
		{14646551-CDF8-487B-9598-A85008C7D772}.Debug|Any CPU.Build.0 = Debug|Any CPU
		{14646551-CDF8-487B-9598-A85008C7D772}.Release|Any CPU.ActiveCfg = Release|Any CPU
		{14646551-CDF8-487B-9598-A85008C7D772}.Release|Any CPU.Build.0 = Release|Any CPU
	EndGlobalSection
	GlobalSection(SolutionProperties) = preSolution
		HideSolutionNode = FALSE
	EndGlobalSection
	GlobalSection(ExtensibilityGlobals) = postSolution
		SolutionGuid = {A81EEBDC-E4C1-453E-8640-0C3CD8B920F4}
	EndGlobalSection
EndGlobal
